
Microsoft Visual Studio Solution File, Format Version 12.00
# Visual Studio Version 17
VisualStudioVersion = 17.0.31903.59
MinimumVisualStudioVersion = 10.0.40219.1
Project("{FAE04EC0-301F-11D3-BF4B-00C04F79EFBC}") = "MoodTrack.API", "MoodTrack.API\MoodTrack.API.csproj", "{FF585A9D-5918-4C30-8145-E9659EAB4FE5}"
EndProject
Global
	GlobalSection(SolutionConfigurationPlatforms) = preSolution
		Debug|Any CPU = Debug|Any CPU
		Release|Any CPU = Release|Any CPU
	EndGlobalSection
	GlobalSection(SolutionProperties) = preSolution
		HideSolutionNode = FALSE
	EndGlobalSection
	GlobalSection(ProjectConfigurationPlatforms) = postSolution
		{FF585A9D-5918-4C30-8145-E9659EAB4FE5}.Debug|Any CPU.ActiveCfg = Debug|Any CPU
		{FF585A9D-5918-4C30-8145-E9659EAB4FE5}.Debug|Any CPU.Build.0 = Debug|Any CPU
		{FF585A9D-5918-4C30-8145-E9659EAB4FE5}.Release|Any CPU.ActiveCfg = Release|Any CPU
		{FF585A9D-5918-4C30-8145-E9659EAB4FE5}.Release|Any CPU.Build.0 = Release|Any CPU
	EndGlobalSection
EndGlobal
